
Microsoft Visual Studio Solution File, Format Version 12.00
# Visual Studio 15
Project("{FAE04EC0-301F-11D3-BF4B-00C04F79EFBC}") = "QuizApp", "QuizApp.csproj", "{66F0694E-6DA4-43CC-84F4-8BBEECB8E442}"
EndProject
Global
	GlobalSection(SolutionConfigurationPlatforms) = preSolution
		Debug|Any CPU = Debug|Any CPU
		Release|Any CPU = Release|Any CPU
	EndGlobalSection
	GlobalSection(ProjectConfigurationPlatforms) = postSolution
		{66F0694E-6DA4-43CC-84F4-8BBEECB8E442}.Debug|Any CPU.ActiveCfg = Debug|Any CPU
		{66F0694E-6DA4-43CC-84F4-8BBEECB8E442}.Debug|Any CPU.Build.0 = Debug|Any CPU
		{66F0694E-6DA4-43CC-84F4-8BBEECB8E442}.Release|Any CPU.ActiveCfg = Release|Any CPU
		{66F0694E-6DA4-43CC-84F4-8BBEECB8E442}.Release|Any CPU.Build.0 = Release|Any CPU
	EndGlobalSection
EndGlobal
